Microsoft Visual Studio Solution File, Format Version 11.00
# Visual Studio 2008

Project("{F3FB152D-B72F-CFCA-B98A-A09114318FD2}") = "Tire and Wheel Butler", "Assembly-CSharp.csproj", "{20F84AB4-662F-B327-7B69-EFF276C0625F}"
EndProject
Global
	GlobalSection(SolutionConfigurationPlatforms) = preSolution
		Debug|Any CPU = Debug|Any CPU
		Release|Any CPU = Release|Any CPU
	EndGlobalSection
	GlobalSection(ProjectConfigurationPlatforms) = postSolution
		{20F84AB4-662F-B327-7B69-EFF276C0625F}.Debug|Any CPU.ActiveCfg = Debug|Any CPU
		{20F84AB4-662F-B327-7B69-EFF276C0625F}.Debug|Any CPU.Build.0 = Debug|Any CPU
		{20F84AB4-662F-B327-7B69-EFF276C0625F}.Release|Any CPU.ActiveCfg = Release|Any CPU
		{20F84AB4-662F-B327-7B69-EFF276C0625F}.Release|Any CPU.Build.0 = Release|Any CPU
	EndGlobalSection
	GlobalSection(SolutionProperties) = preSolution
		HideSolutionNode = FALSE
	EndGlobalSection
	GlobalSection(MonoDevelopProperties) = preSolution
		StartupItem = Assembly-CSharp.csproj
	EndGlobalSection
EndGlobal
